{
  "version": 4,
  "terraform_version": "1.12.2",
  "serial": 251,
  "lineage": "9ad5e8cd-8762-1349-7b13-4ee9fb37dbf5",
  "outputs": {
    "controllers": {
      "value": [],
      "type": [
        "tuple",
        []
      ]
    },
    "workers": {
      "value": [],
      "type": [
        "tuple",
        []
      ]
    }
  },
  "resources": [
    {
      "mode": "managed",
      "type": "local_file",
      "name": "ansible_inventory",
      "provider": "provider[\"registry.terraform.io/hashicorp/local\"]",
      "instances": [
        {
          "schema_version": 0,
          "attributes": {
            "content": "[debian_nodes]\r\npve1 ansible_host=192.168.20.100 ansible_user=james\r\npve2 ansible_host=192.168.20.101 ansible_user=james\r\n\r\n[pve_nodes]\r\npve1\r\npve2\r\n\r\n[amd_nodes]\r\npve1\r\npve2\r\n\r\n[arm_nodes]\r\npi1\r\n\r\n[controllers]\r\n\r\n[workers]\r\n",
            "content_base64": null,
            "content_base64sha256": "4tHxLstGLVbA4C68qRQxkym98g/COa/QtXAde8N3GDY=",
            "content_base64sha512": "ij0609QuPzBNLUmUIIhYHhcRDrfkSzc55G+bFd8qWTpgI/eqZw60SO5Y7JGdnmCvHdf8lH8xhzxdy4F86lKb0A==",
            "content_md5": "7ccded0fc9e66518a0241c4857459315",
            "content_sha1": "b556f2d2a0987d85a073a0f6a57c8b5207e0ff93",
            "content_sha256": "e2d1f12ecb462d56c0e02ebca914319329bdf20fc239afd0b5701d7bc3771836",
            "content_sha512": "8a3d3ad3d42e3f304d2d49942088581e17110eb7e44b3739e46f9b15df2a593a6023f7aa670eb448ee58ec919d9e60af1dd7fc947f31873c5dcb817cea529bd0",
            "directory_permission": "0777",
            "file_permission": "0777",
            "filename": "../inventory/raclette/hosts.ini",
            "id": "b556f2d2a0987d85a073a0f6a57c8b5207e0ff93",
            "sensitive_content": null,
            "source": null
          },
          "sensitive_attributes": [
            [
              {
                "type": "get_attr",
                "value": "sensitive_content"
              }
            ]
          ],
          "identity_schema_version": 0,
          "dependencies": [
            "proxmox_vm_qemu.k3s"
          ]
        }
      ]
    },
    {
      "mode": "managed",
      "type": "proxmox_vm_qemu",
      "name": "k3s",
      "provider": "provider[\"registry.terraform.io/telmate/proxmox\"]",
      "instances": []
    }
  ],
  "check_results": null
}
